<?xml version="1.0" encoding="UTF-8" standalone="yes" ?>
<CodeBlocks_project_file>
	<FileVersion major="1" minor="6" />
	<Project>
		<Option title="xmlrpc" />
		<Option pch_mode="2" />
		<Option compiler="gcc" />
		<Build>
			<Target title="Debug">
				<Option output="bin/Debug/xmlrpc" prefix_auto="1" extension_auto="1" />
				<Option object_output="obj/Debug/" />
				<Option type="1" />
				<Option compiler="gcc" />
				<Compiler>
					<Add option="-g" />
				</Compiler>
			</Target>
			<Target title="Release">
				<Option output="bin/Release/xmlrpc" prefix_auto="1" extension_auto="1" />
				<Option object_output="obj/Release/" />
				<Option type="1" />
				<Option compiler="gcc" />
				<Compiler>
					<Add option="-O2" />
				</Compiler>
				<Linker>
					<Add option="-s" />
				</Linker>
			</Target>
		</Build>
		<Compiler>
			<Add option="-Wall" />
		</Compiler>
		<Unit filename="../../../../../../usr/include/xmlrpc-c/client.h" />
		<Unit filename="../../testProgram/client.c">
			<Option compilerVar="CC" />
		</Unit>
		<Unit filename="../../testProgram/server.c">
			<Option compilerVar="CC" />
		</Unit>
		<Unit filename="../../testProgram/xmlrpc_asynch_client.c">
			<Option compilerVar="CC" />
		</Unit>
		<Unit filename="../../xmlrpc-c/include/xmlrpc-c/abyss.h" />
		<Unit filename="../../xmlrpc-c/include/xmlrpc-c/abyss_opensslsock.h" />
		<Unit filename="../../xmlrpc-c/include/xmlrpc-c/abyss_unixsock.h" />
		<Unit filename="../../xmlrpc-c/include/xmlrpc-c/abyss_winsock.h" />
		<Unit filename="../../xmlrpc-c/include/xmlrpc-c/base.h" />
		<Unit filename="../../xmlrpc-c/include/xmlrpc-c/base.hpp" />
		<Unit filename="../../xmlrpc-c/include/xmlrpc-c/base64.hpp" />
		<Unit filename="../../xmlrpc-c/include/xmlrpc-c/base64_int.h" />
		<Unit filename="../../xmlrpc-c/include/xmlrpc-c/base_int.h" />
		<Unit filename="../../xmlrpc-c/include/xmlrpc-c/c_util.h" />
		<Unit filename="../../xmlrpc-c/include/xmlrpc-c/client.h" />
		<Unit filename="../../xmlrpc-c/include/xmlrpc-c/client.hpp" />
		<Unit filename="../../xmlrpc-c/include/xmlrpc-c/client_global.h" />
		<Unit filename="../../xmlrpc-c/include/xmlrpc-c/client_int.h" />
		<Unit filename="../../xmlrpc-c/include/xmlrpc-c/client_simple.hpp" />
		<Unit filename="../../xmlrpc-c/include/xmlrpc-c/client_transport.hpp" />
		<Unit filename="../../xmlrpc-c/include/xmlrpc-c/girerr.hpp" />
		<Unit filename="../../xmlrpc-c/include/xmlrpc-c/girmem.hpp" />
		<Unit filename="../../xmlrpc-c/include/xmlrpc-c/inttypes.h" />
		<Unit filename="../../xmlrpc-c/include/xmlrpc-c/json.h" />
		<Unit filename="../../xmlrpc-c/include/xmlrpc-c/lock.h" />
		<Unit filename="../../xmlrpc-c/include/xmlrpc-c/lock_none.h" />
		<Unit filename="../../xmlrpc-c/include/xmlrpc-c/lock_platform.h" />
		<Unit filename="../../xmlrpc-c/include/xmlrpc-c/lock_pthread.h" />
		<Unit filename="../../xmlrpc-c/include/xmlrpc-c/lock_windows.h" />
		<Unit filename="../../xmlrpc-c/include/xmlrpc-c/oldcppwrapper.hpp" />
		<Unit filename="../../xmlrpc-c/include/xmlrpc-c/oldxmlrpc.h" />
		<Unit filename="../../xmlrpc-c/include/xmlrpc-c/packetsocket.hpp" />
		<Unit filename="../../xmlrpc-c/include/xmlrpc-c/registry.hpp" />
		<Unit filename="../../xmlrpc-c/include/xmlrpc-c/select_int.h" />
		<Unit filename="../../xmlrpc-c/include/xmlrpc-c/server.h" />
		<Unit filename="../../xmlrpc-c/include/xmlrpc-c/server_abyss.h" />
		<Unit filename="../../xmlrpc-c/include/xmlrpc-c/server_abyss.hpp" />
		<Unit filename="../../xmlrpc-c/include/xmlrpc-c/server_cgi.h" />
		<Unit filename="../../xmlrpc-c/include/xmlrpc-c/server_cgi.hpp" />
		<Unit filename="../../xmlrpc-c/include/xmlrpc-c/server_pstream.hpp" />
		<Unit filename="../../xmlrpc-c/include/xmlrpc-c/server_w32httpsys.h" />
		<Unit filename="../../xmlrpc-c/include/xmlrpc-c/sleep_int.h" />
		<Unit filename="../../xmlrpc-c/include/xmlrpc-c/string_int.h" />
		<Unit filename="../../xmlrpc-c/include/xmlrpc-c/string_number.h" />
		<Unit filename="../../xmlrpc-c/include/xmlrpc-c/time_int.h" />
		<Unit filename="../../xmlrpc-c/include/xmlrpc-c/timeout.hpp" />
		<Unit filename="../../xmlrpc-c/include/xmlrpc-c/transport.h" />
		<Unit filename="../../xmlrpc-c/include/xmlrpc-c/util.h" />
		<Unit filename="../../xmlrpc-c/include/xmlrpc-c/util_int.h" />
		<Unit filename="../../xmlrpc-c/include/xmlrpc-c/xml.hpp" />
		<Unit filename="../../xmlrpc-c/include/xmlrpc-c/xmlparser.h" />
		<Unit filename="../../xmlrpc-c/src/Makefile" />
		<Unit filename="../../xmlrpc-c/src/abyss_handler.c">
			<Option compilerVar="CC" />
		</Unit>
		<Unit filename="../../xmlrpc-c/src/abyss_handler.h" />
		<Unit filename="../../xmlrpc-c/src/base_global.c">
			<Option compilerVar="CC" />
		</Unit>
		<Unit filename="../../xmlrpc-c/src/depend.mk" />
		<Unit filename="../../xmlrpc-c/src/double.c">
			<Option compilerVar="CC" />
		</Unit>
		<Unit filename="../../xmlrpc-c/src/double.h" />
		<Unit filename="../../xmlrpc-c/src/json.c">
			<Option compilerVar="CC" />
		</Unit>
		<Unit filename="../../xmlrpc-c/src/method.c">
			<Option compilerVar="CC" />
		</Unit>
		<Unit filename="../../xmlrpc-c/src/method.h" />
		<Unit filename="../../xmlrpc-c/src/parse_datetime.c">
			<Option compilerVar="CC" />
		</Unit>
		<Unit filename="../../xmlrpc-c/src/parse_datetime.h" />
		<Unit filename="../../xmlrpc-c/src/parse_value.c">
			<Option compilerVar="CC" />
		</Unit>
		<Unit filename="../../xmlrpc-c/src/parse_value.h" />
		<Unit filename="../../xmlrpc-c/src/registry.c">
			<Option compilerVar="CC" />
		</Unit>
		<Unit filename="../../xmlrpc-c/src/registry.h" />
		<Unit filename="../../xmlrpc-c/src/resource.c">
			<Option compilerVar="CC" />
		</Unit>
		<Unit filename="../../xmlrpc-c/src/system_method.c">
			<Option compilerVar="CC" />
		</Unit>
		<Unit filename="../../xmlrpc-c/src/system_method.h" />
		<Unit filename="../../xmlrpc-c/src/trace.c">
			<Option compilerVar="CC" />
		</Unit>
		<Unit filename="../../xmlrpc-c/src/version.c">
			<Option compilerVar="CC" />
		</Unit>
		<Unit filename="../../xmlrpc-c/src/xmlrpc_array.c">
			<Option compilerVar="CC" />
		</Unit>
		<Unit filename="../../xmlrpc-c/src/xmlrpc_authcookie.c">
			<Option compilerVar="CC" />
		</Unit>
		<Unit filename="../../xmlrpc-c/src/xmlrpc_build.c">
			<Option compilerVar="CC" />
		</Unit>
		<Unit filename="../../xmlrpc-c/src/xmlrpc_client.c">
			<Option compilerVar="CC" />
		</Unit>
		<Unit filename="../../xmlrpc-c/src/xmlrpc_client_global.c">
			<Option compilerVar="CC" />
		</Unit>
		<Unit filename="../../xmlrpc-c/src/xmlrpc_data.c">
			<Option compilerVar="CC" />
		</Unit>
		<Unit filename="../../xmlrpc-c/src/xmlrpc_datetime.c">
			<Option compilerVar="CC" />
		</Unit>
		<Unit filename="../../xmlrpc-c/src/xmlrpc_decompose.c">
			<Option compilerVar="CC" />
		</Unit>
		<Unit filename="../../xmlrpc-c/src/xmlrpc_expat.c">
			<Option compilerVar="CC" />
		</Unit>
		<Unit filename="../../xmlrpc-c/src/xmlrpc_libxml2.c">
			<Option compilerVar="CC" />
		</Unit>
		<Unit filename="../../xmlrpc-c/src/xmlrpc_parse.c">
			<Option compilerVar="CC" />
		</Unit>
		<Unit filename="../../xmlrpc-c/src/xmlrpc_serialize.c">
			<Option compilerVar="CC" />
		</Unit>
		<Unit filename="../../xmlrpc-c/src/xmlrpc_server_abyss.c">
			<Option compilerVar="CC" />
		</Unit>
		<Unit filename="../../xmlrpc-c/src/xmlrpc_server_cgi.c">
			<Option compilerVar="CC" />
		</Unit>
		<Unit filename="../../xmlrpc-c/src/xmlrpc_server_info.c">
			<Option compilerVar="CC" />
		</Unit>
		<Unit filename="../../xmlrpc-c/src/xmlrpc_server_w32httpsys.c">
			<Option compilerVar="CC" />
		</Unit>
		<Unit filename="../../xmlrpc-c/src/xmlrpc_string.c">
			<Option compilerVar="CC" />
		</Unit>
		<Unit filename="../../xmlrpc-c/src/xmlrpc_struct.c">
			<Option compilerVar="CC" />
		</Unit>
		<Extensions>
			<code_completion />
			<debugger />
		</Extensions>
	</Project>
</CodeBlocks_project_file>
